
Microsoft Visual Studio Solution File, Format Version 12.00
# Visual Studio 15
VisualStudioVersion = 15.0.34112.143
MinimumVisualStudioVersion = 10.0.40219.1
Project("{FAE04EC0-301F-11D3-BF4B-00C04F79EFBC}") = "InnoMarket2017", "InnoMarket2017\InnoMarket2017.csproj", "{ADA39712-C345-490F-926D-0E1C1B486278}"
EndProject
Global
	GlobalSection(SolutionConfigurationPlatforms) = preSolution
		Debug|Any CPU = Debug|Any CPU
		Release|Any CPU = Release|Any CPU
	EndGlobalSection
	GlobalSection(ProjectConfigurationPlatforms) = postSolution
		{ADA39712-C345-490F-926D-0E1C1B486278}.Debug|Any CPU.ActiveCfg = Debug|Any CPU
		{ADA39712-C345-490F-926D-0E1C1B486278}.Debug|Any CPU.Build.0 = Debug|Any CPU
		{ADA39712-C345-490F-926D-0E1C1B486278}.Release|Any CPU.ActiveCfg = Release|Any CPU
		{ADA39712-C345-490F-926D-0E1C1B486278}.Release|Any CPU.Build.0 = Release|Any CPU
	EndGlobalSection
	GlobalSection(SolutionProperties) = preSolution
		HideSolutionNode = FALSE
	EndGlobalSection
	GlobalSection(ExtensibilityGlobals) = postSolution
		SolutionGuid = {80100981-D601-4C09-83F9-2ABBD4DD82DF}
	EndGlobalSection
EndGlobal
